
Microsoft Visual Studio Solution File, Format Version 12.00
# Visual Studio Version 17
VisualStudioVersion = 17.9.34723.18
MinimumVisualStudioVersion = 10.0.40219.1
Project("{FAE04EC0-301F-11D3-BF4B-00C04F79EFBC}") = "Task.API", "Task.API\Task.API.csproj", "{A9E26416-FD53-48D5-821B-F8D40E5D2F96}"
EndProject
Project("{FAE04EC0-301F-11D3-BF4B-00C04F79EFBC}") = "Task.Application", "Task.Application\Task.Application.csproj", "{944CB3F5-1079-4FB6-9F19-A80FC15B50B4}"
EndProject
Project("{FAE04EC0-301F-11D3-BF4B-00C04F79EFBC}") = "Task.Domain", "Task.Domain\Task.Domain.csproj", "{F5543CE6-5AB7-4A9A-A041-5644964F3DEB}"
EndProject
Project("{FAE04EC0-301F-11D3-BF4B-00C04F79EFBC}") = "Task.Infrastructure", "Task.Infrastructure\Task.Infrastructure.csproj", "{F85B4D8E-679F-42EA-9122-82B145C36E06}"
EndProject
Project("{2150E333-8FDC-42A3-9474-1A3956D46DE8}") = "Core", "Core", "{B634789A-ADE9-4CC7-A50F-D92B921BC1F1}"
EndProject
Project("{2150E333-8FDC-42A3-9474-1A3956D46DE8}") = "API", "API", "{8256E738-258F-4761-8692-D0F3B2769189}"
EndProject
Project("{2150E333-8FDC-42A3-9474-1A3956D46DE8}") = "Infrastructure", "Infrastructure", "{80DD59E9-1C61-466E-B6B1-1BCDDF6715D7}"
EndProject
Global
	GlobalSection(SolutionConfigurationPlatforms) = preSolution
		Debug|Any CPU = Debug|Any CPU
		Release|Any CPU = Release|Any CPU
	EndGlobalSection
	GlobalSection(ProjectConfigurationPlatforms) = postSolution
		{A9E26416-FD53-48D5-821B-F8D40E5D2F96}.Debug|Any CPU.ActiveCfg = Debug|Any CPU
		{A9E26416-FD53-48D5-821B-F8D40E5D2F96}.Debug|Any CPU.Build.0 = Debug|Any CPU
		{A9E26416-FD53-48D5-821B-F8D40E5D2F96}.Release|Any CPU.ActiveCfg = Release|Any CPU
		{A9E26416-FD53-48D5-821B-F8D40E5D2F96}.Release|Any CPU.Build.0 = Release|Any CPU
		{944CB3F5-1079-4FB6-9F19-A80FC15B50B4}.Debug|Any CPU.ActiveCfg = Debug|Any CPU
		{944CB3F5-1079-4FB6-9F19-A80FC15B50B4}.Debug|Any CPU.Build.0 = Debug|Any CPU
		{944CB3F5-1079-4FB6-9F19-A80FC15B50B4}.Release|Any CPU.ActiveCfg = Release|Any CPU
		{944CB3F5-1079-4FB6-9F19-A80FC15B50B4}.Release|Any CPU.Build.0 = Release|Any CPU
		{F5543CE6-5AB7-4A9A-A041-5644964F3DEB}.Debug|Any CPU.ActiveCfg = Debug|Any CPU
		{F5543CE6-5AB7-4A9A-A041-5644964F3DEB}.Debug|Any CPU.Build.0 = Debug|Any CPU
		{F5543CE6-5AB7-4A9A-A041-5644964F3DEB}.Release|Any CPU.ActiveCfg = Release|Any CPU
		{F5543CE6-5AB7-4A9A-A041-5644964F3DEB}.Release|Any CPU.Build.0 = Release|Any CPU
		{F85B4D8E-679F-42EA-9122-82B145C36E06}.Debug|Any CPU.ActiveCfg = Debug|Any CPU
		{F85B4D8E-679F-42EA-9122-82B145C36E06}.Debug|Any CPU.Build.0 = Debug|Any CPU
		{F85B4D8E-679F-42EA-9122-82B145C36E06}.Release|Any CPU.ActiveCfg = Release|Any CPU
		{F85B4D8E-679F-42EA-9122-82B145C36E06}.Release|Any CPU.Build.0 = Release|Any CPU
	EndGlobalSection
	GlobalSection(SolutionProperties) = preSolution
		HideSolutionNode = FALSE
	EndGlobalSection
	GlobalSection(NestedProjects) = preSolution
		{A9E26416-FD53-48D5-821B-F8D40E5D2F96} = {8256E738-258F-4761-8692-D0F3B2769189}
		{944CB3F5-1079-4FB6-9F19-A80FC15B50B4} = {B634789A-ADE9-4CC7-A50F-D92B921BC1F1}
		{F5543CE6-5AB7-4A9A-A041-5644964F3DEB} = {B634789A-ADE9-4CC7-A50F-D92B921BC1F1}
		{F85B4D8E-679F-42EA-9122-82B145C36E06} = {80DD59E9-1C61-466E-B6B1-1BCDDF6715D7}
	EndGlobalSection
	GlobalSection(ExtensibilityGlobals) = postSolution
		SolutionGuid = {2E9C7371-98DA-4714-9F33-BCE6997AFE0D}
	EndGlobalSection
EndGlobal
